// !$*UTF8*$!
{
	archiveVersion = 1;
	classes = {
	};
	objectVersion = 56;
	objects = {

/* Begin PBXBuildFile section */
		F91D6FF92B702CB500684429 /* DemoFirebaseApp.swift in Sources */ = {isa = PBXBuildFile; fileRef = F91D6FF82B702CB500684429 /* DemoFirebaseApp.swift */; };
		F91D6FFB2B702CB500684429 /* ContentView.swift in Sources */ = {isa = PBXBuildFile; fileRef = F91D6FFA2B702CB500684429 /* ContentView.swift */; };
		F91D6FFD2B702CB700684429 /* Assets.xcassets in Resources */ = {isa = PBXBuildFile; fileRef = F91D6FFC2B702CB700684429 /* Assets.xcassets */; };
		F91D70002B702CB700684429 /* Preview Assets.xcassets in Resources */ = {isa = PBXBuildFile; fileRef = F91D6FFF2B702CB700684429 /* Preview Assets.xcassets */; };
		F91D700A2B702CB700684429 /* DemoFirebaseTests.swift in Sources */ = {isa = PBXBuildFile; fileRef = F91D70092B702CB700684429 /* DemoFirebaseTests.swift */; };
		F91D70142B702CB700684429 /* DemoFirebaseUITests.swift in Sources */ = {isa = PBXBuildFile; fileRef = F91D70132B702CB700684429 /* DemoFirebaseUITests.swift */; };
		F91D70162B702CB700684429 /* DemoFirebaseUITestsLaunchTests.swift in Sources */ = {isa = PBXBuildFile; fileRef = F91D70152B702CB700684429 /* DemoFirebaseUITestsLaunchTests.swift */; };
		F91D70292B70BE1200684429 /* FirebaseMessaging in Frameworks */ = {isa = PBXBuildFile; productRef = F91D70282B70BE1200684429 /* FirebaseMessaging */; };
		F91D702B2B70BF8400684429 /* GoogleService-Info.plist in Resources */ = {isa = PBXBuildFile; fileRef = F91D702A2B70BF8400684429 /* GoogleService-Info.plist */; };
		F91D702E2B70C08D00684429 /* FirebaseAnalyticsWithoutAdIdSupport in Frameworks */ = {isa = PBXBuildFile; productRef = F91D702D2B70C08D00684429 /* FirebaseAnalyticsWithoutAdIdSupport */; };
		F91D70312B70EB9D00684429 /* AppDelegate.swift in Sources */ = {isa = PBXBuildFile; fileRef = F91D70302B70EB9D00684429 /* AppDelegate.swift */; };
/* End PBXBuildFile section */

/* Begin PBXContainerItemProxy section */
		F91D70062B702CB700684429 /* PBXContainerItemProxy */ = {
			isa = PBXContainerItemProxy;
			containerPortal = F91D6FED2B702CB500684429 /* Project object */;
			proxyType = 1;
			remoteGlobalIDString = F91D6FF42B702CB500684429;
			remoteInfo = DemoFirebase;
		};
		F91D70102B702CB700684429 /* PBXContainerItemProxy */ = {
			isa = PBXContainerItemProxy;
			containerPortal = F91D6FED2B702CB500684429 /* Project object */;
			proxyType = 1;
			remoteGlobalIDString = F91D6FF42B702CB500684429;
			remoteInfo = DemoFirebase;
		};
/* End PBXContainerItemProxy section */

/* Begin PBXFileReference section */
		F91D6FF52B702CB500684429 /* DemoFirebase.app */ = {isa = PBXFileReference; explicitFileType = wrapper.application; includeInIndex = 0; path = DemoFirebase.app; sourceTree = BUILT_PRODUCTS_DIR; };
		F91D6FF82B702CB500684429 /* DemoFirebaseApp.swift */ = {isa = PBXFileReference; lastKnownFileType = sourcecode.swift; path = DemoFirebaseApp.swift; sourceTree = "<group>"; };
		F91D6FFA2B702CB500684429 /* ContentView.swift */ = {isa = PBXFileReference; lastKnownFileType = sourcecode.swift; path = ContentView.swift; sourceTree = "<group>"; };
		F91D6FFC2B702CB700684429 /* Assets.xcassets */ = {isa = PBXFileReference; lastKnownFileType = folder.assetcatalog; path = Assets.xcassets; sourceTree = "<group>"; };
		F91D6FFF2B702CB700684429 /* Preview Assets.xcassets */ = {isa = PBXFileReference; lastKnownFileType = folder.assetcatalog; path = "Preview Assets.xcassets"; sourceTree = "<group>"; };
		F91D70052B702CB700684429 /* DemoFirebaseTests.xctest */ = {isa = PBXFileReference; explicitFileType = wrapper.cfbundle; includeInIndex = 0; path = DemoFirebaseTests.xctest; sourceTree = BUILT_PRODUCTS_DIR; };
		F91D70092B702CB700684429 /* DemoFirebaseTests.swift */ = {isa = PBXFileReference; lastKnownFileType = sourcecode.swift; path = DemoFirebaseTests.swift; sourceTree = "<group>"; };
		F91D700F2B702CB700684429 /* DemoFirebaseUITests.xctest */ = {isa = PBXFileReference; explicitFileType = wrapper.cfbundle; includeInIndex = 0; path = DemoFirebaseUITests.xctest; sourceTree = BUILT_PRODUCTS_DIR; };
		F91D70132B702CB700684429 /* DemoFirebaseUITests.swift */ = {isa = PBXFileReference; lastKnownFileType = sourcecode.swift; path = DemoFirebaseUITests.swift; sourceTree = "<group>"; };
		F91D70152B702CB700684429 /* DemoFirebaseUITestsLaunchTests.swift */ = {isa = PBXFileReference; lastKnownFileType = sourcecode.swift; path = DemoFirebaseUITestsLaunchTests.swift; sourceTree = "<group>"; };
		F91D70222B70300E00684429 /* DemoFirebase.entitlements */ = {isa = PBXFileReference; lastKnownFileType = text.plist.entitlements; path = DemoFirebase.entitlements; sourceTree = "<group>"; };
		F91D702A2B70BF8400684429 /* GoogleService-Info.plist */ = {isa = PBXFileReference; fileEncoding = 4; lastKnownFileType = text.plist.xml; path = "GoogleService-Info.plist"; sourceTree = "<group>"; };
		F91D702F2B70EB5900684429 /* Info.plist */ = {isa = PBXFileReference; lastKnownFileType = text.plist; path = Info.plist; sourceTree = "<group>"; };
		F91D70302B70EB9D00684429 /* AppDelegate.swift */ = {isa = PBXFileReference; lastKnownFileType = sourcecode.swift; path = AppDelegate.swift; sourceTree = "<group>"; };
/* End PBXFileReference section */

/* Begin PBXFrameworksBuildPhase section */
		F91D6FF22B702CB500684429 /* Frameworks */ = {
			isa = PBXFrameworksBuildPhase;
			buildActionMask = 2147483647;
			files = (
				F91D70292B70BE1200684429 /* FirebaseMessaging in Frameworks */,
				F91D702E2B70C08D00684429 /* FirebaseAnalyticsWithoutAdIdSupport in Frameworks */,
			);
			runOnlyForDeploymentPostprocessing = 0;
		};
		F91D70022B702CB700684429 /* Frameworks */ = {
			isa = PBXFrameworksBuildPhase;
			buildActionMask = 2147483647;
			files = (
			);
			runOnlyForDeploymentPostprocessing = 0;
		};
		F91D700C2B702CB700684429 /* Frameworks */ = {
			isa = PBXFrameworksBuildPhase;
			buildActionMask = 2147483647;
			files = (
			);
			runOnlyForDeploymentPostprocessing = 0;
		};
/* End PBXFrameworksBuildPhase section */

/* Begin PBXGroup section */
		F91D6FEC2B702CB500684429 = {
			isa = PBXGroup;
			children = (
				F91D6FF72B702CB500684429 /* DemoFirebase */,
				F91D70082B702CB700684429 /* DemoFirebaseTests */,
				F91D70122B702CB700684429 /* DemoFirebaseUITests */,
				F91D6FF62B702CB500684429 /* Products */,
				F91D702C2B70C08D00684429 /* Frameworks */,
			);
			sourceTree = "<group>";
		};
		F91D6FF62B702CB500684429 /* Products */ = {
			isa = PBXGroup;
			children = (
				F91D6FF52B702CB500684429 /* DemoFirebase.app */,
				F91D70052B702CB700684429 /* DemoFirebaseTests.xctest */,
				F91D700F2B702CB700684429 /* DemoFirebaseUITests.xctest */,
			);
			name = Products;
			sourceTree = "<group>";
		};
		F91D6FF72B702CB500684429 /* DemoFirebase */ = {
			isa = PBXGroup;
			children = (
				F91D702F2B70EB5900684429 /* Info.plist */,
				F91D70222B70300E00684429 /* DemoFirebase.entitlements */,
				F91D702A2B70BF8400684429 /* GoogleService-Info.plist */,
				F91D6FF82B702CB500684429 /* DemoFirebaseApp.swift */,
				F91D6FFA2B702CB500684429 /* ContentView.swift */,
				F91D70302B70EB9D00684429 /* AppDelegate.swift */,
				F91D6FFC2B702CB700684429 /* Assets.xcassets */,
				F91D6FFE2B702CB700684429 /* Preview Content */,
			);
			path = DemoFirebase;
			sourceTree = "<group>";
		};
		F91D6FFE2B702CB700684429 /* Preview Content */ = {
			isa = PBXGroup;
			children = (
				F91D6FFF2B702CB700684429 /* Preview Assets.xcassets */,
			);
			path = "Preview Content";
			sourceTree = "<group>";
		};
		F91D70082B702CB700684429 /* DemoFirebaseTests */ = {
			isa = PBXGroup;
			children = (
				F91D70092B702CB700684429 /* DemoFirebaseTests.swift */,
			);
			path = DemoFirebaseTests;
			sourceTree = "<group>";
		};
		F91D70122B702CB700684429 /* DemoFirebaseUITests */ = {
			isa = PBXGroup;
			children = (
				F91D70132B702CB700684429 /* DemoFirebaseUITests.swift */,
				F91D70152B702CB700684429 /* DemoFirebaseUITestsLaunchTests.swift */,
			);
			path = DemoFirebaseUITests;
			sourceTree = "<group>";
		};
		F91D702C2B70C08D00684429 /* Frameworks */ = {
			isa = PBXGroup;
			children = (
			);
			name = Frameworks;
			sourceTree = "<group>";
		};
/* End PBXGroup section */

/* Begin PBXNativeTarget section */
		F91D6FF42B702CB500684429 /* DemoFirebase */ = {
			isa = PBXNativeTarget;
			buildConfigurationList = F91D70192B702CB700684429 /* Build configuration list for PBXNativeTarget "DemoFirebase" */;
			buildPhases = (
				F91D6FF12B702CB500684429 /* Sources */,
				F91D6FF22B702CB500684429 /* Frameworks */,
				F91D6FF32B702CB500684429 /* Resources */,
			);
			buildRules = (
			);
			dependencies = (
			);
			name = DemoFirebase;
			packageProductDependencies = (
				F91D70282B70BE1200684429 /* FirebaseMessaging */,
				F91D702D2B70C08D00684429 /* FirebaseAnalyticsWithoutAdIdSupport */,
			);
			productName = DemoFirebase;
			productReference = F91D6FF52B702CB500684429 /* DemoFirebase.app */;
			productType = "com.apple.product-type.application";
		};
		F91D70042B702CB700684429 /* DemoFirebaseTests */ = {
			isa = PBXNativeTarget;
			buildConfigurationList = F91D701C2B702CB700684429 /* Build configuration list for PBXNativeTarget "DemoFirebaseTests" */;
			buildPhases = (
				F91D70012B702CB700684429 /* Sources */,
				F91D70022B702CB700684429 /* Frameworks */,
				F91D70032B702CB700684429 /* Resources */,
			);
			buildRules = (
			);
			dependencies = (
				F91D70072B702CB700684429 /* PBXTargetDependency */,
			);
			name = DemoFirebaseTests;
			productName = DemoFirebaseTests;
			productReference = F91D70052B702CB700684429 /* DemoFirebaseTests.xctest */;
			productType = "com.apple.product-type.bundle.unit-test";
		};
		F91D700E2B702CB700684429 /* DemoFirebaseUITests */ = {
			isa = PBXNativeTarget;
			buildConfigurationList = F91D701F2B702CB700684429 /* Build configuration list for PBXNativeTarget "DemoFirebaseUITests" */;
			buildPhases = (
				F91D700B2B702CB700684429 /* Sources */,
				F91D700C2B702CB700684429 /* Frameworks */,
				F91D700D2B702CB700684429 /* Resources */,
			);
			buildRules = (
			);
			dependencies = (
				F91D70112B702CB700684429 /* PBXTargetDependency */,
			);
			name = DemoFirebaseUITests;
			productName = DemoFirebaseUITests;
			productReference = F91D700F2B702CB700684429 /* DemoFirebaseUITests.xctest */;
			productType = "com.apple.product-type.bundle.ui-testing";
		};
/* End PBXNativeTarget section */

/* Begin PBXProject section */
		F91D6FED2B702CB500684429 /* Project object */ = {
			isa = PBXProject;
			attributes = {
				BuildIndependentTargetsInParallel = 1;
				LastSwiftUpdateCheck = 1520;
				LastUpgradeCheck = 1520;
				TargetAttributes = {
					F91D6FF42B702CB500684429 = {
						CreatedOnToolsVersion = 15.2;
					};
					F91D70042B702CB700684429 = {
						CreatedOnToolsVersion = 15.2;
						TestTargetID = F91D6FF42B702CB500684429;
					};
					F91D700E2B702CB700684429 = {
						CreatedOnToolsVersion = 15.2;
						TestTargetID = F91D6FF42B702CB500684429;
					};
				};
			};
			buildConfigurationList = F91D6FF02B702CB500684429 /* Build configuration list for PBXProject "DemoFirebase" */;
			compatibilityVersion = "Xcode 14.0";
			developmentRegion = en;
			hasScannedForEncodings = 0;
			knownRegions = (
				en,
				Base,
			);
			mainGroup = F91D6FEC2B702CB500684429;
			packageReferences = (
				F91D70252B70BE1200684429 /* XCRemoteSwiftPackageReference "firebase-ios-sdk" */,
			);
			productRefGroup = F91D6FF62B702CB500684429 /* Products */;
			projectDirPath = "";
			projectRoot = "";
			targets = (
				F91D6FF42B702CB500684429 /* DemoFirebase */,
				F91D70042B702CB700684429 /* DemoFirebaseTests */,
				F91D700E2B702CB700684429 /* DemoFirebaseUITests */,
			);
		};
/* End PBXProject section */

/* Begin PBXResourcesBuildPhase section */
		F91D6FF32B702CB500684429 /* Resources */ = {
			isa = PBXResourcesBuildPhase;
			buildActionMask = 2147483647;
			files = (
				F91D70002B702CB700684429 /* Preview Assets.xcassets in Resources */,
				F91D6FFD2B702CB700684429 /* Assets.xcassets in Resources */,
				F91D702B2B70BF8400684429 /* GoogleService-Info.plist in Resources */,
			);
			runOnlyForDeploymentPostprocessing = 0;
		};
		F91D70032B702CB700684429 /* Resources */ = {
			isa = PBXResourcesBuildPhase;
			buildActionMask = 2147483647;
			files = (
			);
			runOnlyForDeploymentPostprocessing = 0;
		};
		F91D700D2B702CB700684429 /* Resources */ = {
			isa = PBXResourcesBuildPhase;
			buildActionMask = 2147483647;
			files = (
			);
			runOnlyForDeploymentPostprocessing = 0;
		};
/* End PBXResourcesBuildPhase section */

/* Begin PBXSourcesBuildPhase section */
		F91D6FF12B702CB500684429 /* Sources */ = {
			isa = PBXSourcesBuildPhase;
			buildActionMask = 2147483647;
			files = (
				F91D70312B70EB9D00684429 /* AppDelegate.swift in Sources */,
				F91D6FFB2B702CB500684429 /* ContentView.swift in Sources */,
				F91D6FF92B702CB500684429 /* DemoFirebaseApp.swift in Sources */,
			);
			runOnlyForDeploymentPostprocessing = 0;
		};
		F91D70012B702CB700684429 /* Sources */ = {
			isa = PBXSourcesBuildPhase;
			buildActionMask = 2147483647;
			files = (
				F91D700A2B702CB700684429 /* DemoFirebaseTests.swift in Sources */,
			);
			runOnlyForDeploymentPostprocessing = 0;
		};
		F91D700B2B702CB700684429 /* Sources */ = {
			isa = PBXSourcesBuildPhase;
			buildActionMask = 2147483647;
			files = (
				F91D70162B702CB700684429 /* DemoFirebaseUITestsLaunchTests.swift in Sources */,
				F91D70142B702CB700684429 /* DemoFirebaseUITests.swift in Sources */,
			);
			runOnlyForDeploymentPostprocessing = 0;
		};
/* End PBXSourcesBuildPhase section */

/* Begin PBXTargetDependency section */
		F91D70072B702CB700684429 /* PBXTargetDependency */ = {
			isa = PBXTargetDependency;
			target = F91D6FF42B702CB500684429 /* DemoFirebase */;
			targetProxy = F91D70062B702CB700684429 /* PBXContainerItemProxy */;
		};
		F91D70112B702CB700684429 /* PBXTargetDependency */ = {
			isa = PBXTargetDependency;
			target = F91D6FF42B702CB500684429 /* DemoFirebase */;
			targetProxy = F91D70102B702CB700684429 /* PBXContainerItemProxy */;
		};
/* End PBXTargetDependency section */

/* Begin XCBuildConfiguration section */
		F91D70172B702CB700684429 /* Debug */ = {
			isa = XCBuildConfiguration;
			buildSettings = {
				ALWAYS_SEARCH_USER_PATHS = NO;
				ASSETCATALOG_COMPILER_GENERATE_SWIFT_ASSET_SYMBOL_EXTENSIONS = YES;
				CLANG_ANALYZER_NONNULL = YES;
				CLANG_ANALYZER_NUMBER_OBJECT_CONVERSION = YES_AGGRESSIVE;
				CLANG_CXX_LANGUAGE_STANDARD = "gnu++20";
				CLANG_ENABLE_MODULES = YES;
				CLANG_ENABLE_OBJC_ARC = YES;
				CLANG_ENABLE_OBJC_WEAK = YES;
				CLANG_WARN_BLOCK_CAPTURE_AUTORELEASING = YES;
				CLANG_WARN_BOOL_CONVERSION = YES;
				CLANG_WARN_COMMA = YES;
				CLANG_WARN_CONSTANT_CONVERSION = YES;
				CLANG_WARN_DEPRECATED_OBJC_IMPLEMENTATIONS = YES;
				CLANG_WARN_DIRECT_OBJC_ISA_USAGE = YES_ERROR;
				CLANG_WARN_DOCUMENTATION_COMMENTS = YES;
				CLANG_WARN_EMPTY_BODY = YES;
				CLANG_WARN_ENUM_CONVERSION = YES;
				CLANG_WARN_INFINITE_RECURSION = YES;
				CLANG_WARN_INT_CONVERSION = YES;
				CLANG_WARN_NON_LITERAL_NULL_CONVERSION = YES;
				CLANG_WARN_OBJC_IMPLICIT_RETAIN_SELF = YES;
				CLANG_WARN_OBJC_LITERAL_CONVERSION = YES;
				CLANG_WARN_OBJC_ROOT_CLASS = YES_ERROR;
				CLANG_WARN_QUOTED_INCLUDE_IN_FRAMEWORK_HEADER = YES;
				CLANG_WARN_RANGE_LOOP_ANALYSIS = YES;
				CLANG_WARN_STRICT_PROTOTYPES = YES;
				CLANG_WARN_SUSPICIOUS_MOVE = YES;
				CLANG_WARN_UNGUARDED_AVAILABILITY = YES_AGGRESSIVE;
				CLANG_WARN_UNREACHABLE_CODE = YES;
				CLANG_WARN__DUPLICATE_METHOD_MATCH = YES;
				COPY_PHASE_STRIP = NO;
				DEBUG_INFORMATION_FORMAT = dwarf;
				ENABLE_STRICT_OBJC_MSGSEND = YES;
				ENABLE_TESTABILITY = YES;
				ENABLE_USER_SCRIPT_SANDBOXING = YES;
				GCC_C_LANGUAGE_STANDARD = gnu17;
				GCC_DYNAMIC_NO_PIC = NO;
				GCC_NO_COMMON_BLOCKS = YES;
				GCC_OPTIMIZATION_LEVEL = 0;
				GCC_PREPROCESSOR_DEFINITIONS = (
					"DEBUG=1",
					"$(inherited)",
				);
				GCC_WARN_64_TO_32_BIT_CONVERSION = YES;
				GCC_WARN_ABOUT_RETURN_TYPE = YES_ERROR;
				GCC_WARN_UNDECLARED_SELECTOR = YES;
				GCC_WARN_UNINITIALIZED_AUTOS = YES_AGGRESSIVE;
				GCC_WARN_UNUSED_FUNCTION = YES;
				GCC_WARN_UNUSED_VARIABLE = YES;
				IPHONEOS_DEPLOYMENT_TARGET = 17.2;
				LOCALIZATION_PREFERS_STRING_CATALOGS = YES;
				MTL_ENABLE_DEBUG_INFO = INCLUDE_SOURCE;
				MTL_FAST_MATH = YES;
				ONLY_ACTIVE_ARCH = YES;
				SDKROOT = iphoneos;
				SWIFT_ACTIVE_COMPILATION_CONDITIONS = "DEBUG $(inherited)";
				SWIFT_OPTIMIZATION_LEVEL = "-Onone";
			};
			name = Debug;
		};
		F91D70182B702CB700684429 /* Release */ = {
			isa = XCBuildConfiguration;
			buildSettings = {
				ALWAYS_SEARCH_USER_PATHS = NO;
				ASSETCATALOG_COMPILER_GENERATE_SWIFT_ASSET_SYMBOL_EXTENSIONS = YES;
				CLANG_ANALYZER_NONNULL = YES;
				CLANG_ANALYZER_NUMBER_OBJECT_CONVERSION = YES_AGGRESSIVE;
				CLANG_CXX_LANGUAGE_STANDARD = "gnu++20";
				CLANG_ENABLE_MODULES = YES;
				CLANG_ENABLE_OBJC_ARC = YES;
				CLANG_ENABLE_OBJC_WEAK = YES;
				CLANG_WARN_BLOCK_CAPTURE_AUTORELEASING = YES;
				CLANG_WARN_BOOL_CONVERSION = YES;
				CLANG_WARN_COMMA = YES;
				CLANG_WARN_CONSTANT_CONVERSION = YES;
				CLANG_WARN_DEPRECATED_OBJC_IMPLEMENTATIONS = YES;
				CLANG_WARN_DIRECT_OBJC_ISA_USAGE = YES_ERROR;
				CLANG_WARN_DOCUMENTATION_COMMENTS = YES;
				CLANG_WARN_EMPTY_BODY = YES;
				CLANG_WARN_ENUM_CONVERSION = YES;
				CLANG_WARN_INFINITE_RECURSION = YES;
				CLANG_WARN_INT_CONVERSION = YES;
				CLANG_WARN_NON_LITERAL_NULL_CONVERSION = YES;
				CLANG_WARN_OBJC_IMPLICIT_RETAIN_SELF = YES;
				CLANG_WARN_OBJC_LITERAL_CONVERSION = YES;
				CLANG_WARN_OBJC_ROOT_CLASS = YES_ERROR;
				CLANG_WARN_QUOTED_INCLUDE_IN_FRAMEWORK_HEADER = YES;
				CLANG_WARN_RANGE_LOOP_ANALYSIS = YES;
				CLANG_WARN_STRICT_PROTOTYPES = YES;
				CLANG_WARN_SUSPICIOUS_MOVE = YES;
				CLANG_WARN_UNGUARDED_AVAILABILITY = YES_AGGRESSIVE;
				CLANG_WARN_UNREACHABLE_CODE = YES;
				CLANG_WARN__DUPLICATE_METHOD_MATCH = YES;
				COPY_PHASE_STRIP = NO;
				DEBUG_INFORMATION_FORMAT = "dwarf-with-dsym";
				ENABLE_NS_ASSERTIONS = NO;
				ENABLE_STRICT_OBJC_MSGSEND = YES;
				ENABLE_USER_SCRIPT_SANDBOXING = YES;
				GCC_C_LANGUAGE_STANDARD = gnu17;
				GCC_NO_COMMON_BLOCKS = YES;
				GCC_WARN_64_TO_32_BIT_CONVERSION = YES;
				GCC_WARN_ABOUT_RETURN_TYPE = YES_ERROR;
				GCC_WARN_UNDECLARED_SELECTOR = YES;
				GCC_WARN_UNINITIALIZED_AUTOS = YES_AGGRESSIVE;
				GCC_WARN_UNUSED_FUNCTION = YES;
				GCC_WARN_UNUSED_VARIABLE = YES;
				IPHONEOS_DEPLOYMENT_TARGET = 17.2;
				LOCALIZATION_PREFERS_STRING_CATALOGS = YES;
				MTL_ENABLE_DEBUG_INFO = NO;
				MTL_FAST_MATH = YES;
				SDKROOT = iphoneos;
				SWIFT_COMPILATION_MODE = wholemodule;
				VALIDATE_PRODUCT = YES;
			};
			name = Release;
		};
		F91D701A2B702CB700684429 /* Debug */ = {
			isa = XCBuildConfiguration;
			buildSettings = {
				ASSETCATALOG_COMPILER_APPICON_NAME = AppIcon;
				ASSETCATALOG_COMPILER_GLOBAL_ACCENT_COLOR_NAME = AccentColor;
				CODE_SIGN_ENTITLEMENTS = DemoFirebase/DemoFirebase.entitlements;
				CODE_SIGN_IDENTITY = "Apple Development";
				CODE_SIGN_STYLE = Automatic;
				CURRENT_PROJECT_VERSION = 20240204;
				DEVELOPMENT_ASSET_PATHS = "\"DemoFirebase/Preview Content\"";
				DEVELOPMENT_TEAM = G49XQYC5WE;
				ENABLE_PREVIEWS = YES;
				GENERATE_INFOPLIST_FILE = YES;
				INFOPLIST_FILE = DemoFirebase/Info.plist;
				INFOPLIST_KEY_CFBundleDisplayName = DemoFire;
				INFOPLIST_KEY_LSApplicationCategoryType = "public.app-category.developer-tools";
				INFOPLIST_KEY_UIApplicationSceneManifest_Generation = YES;
				INFOPLIST_KEY_UIApplicationSupportsIndirectInputEvents = YES;
				INFOPLIST_KEY_UILaunchScreen_Generation = YES;
				INFOPLIST_KEY_UISupportedInterfaceOrientations_iPad = "UIInterfaceOrientationPortrait UIInterfaceOrientationPortraitUpsideDown UIInterfaceOrientationLandscapeLeft UIInterfaceOrientationLandscapeRight";
				INFOPLIST_KEY_UISupportedInterfaceOrientations_iPhone = "UIInterfaceOrientationPortrait UIInterfaceOrientationLandscapeLeft UIInterfaceOrientationLandscapeRight";
				LD_RUNPATH_SEARCH_PATHS = (
					"$(inherited)",
					"@executable_path/Frameworks",
				);
				MARKETING_VERSION = 1.0.0;
				PRODUCT_BUNDLE_IDENTIFIER = com.jva.DemoFirebase;
				PRODUCT_NAME = "$(TARGET_NAME)";
				PROVISIONING_PROFILE_SPECIFIER = "";
				SUPPORTED_PLATFORMS = "iphoneos iphonesimulator";
				SUPPORTS_MACCATALYST = NO;
				SUPPORTS_MAC_DESIGNED_FOR_IPHONE_IPAD = NO;
				SUPPORTS_XR_DESIGNED_FOR_IPHONE_IPAD = NO;
				SWIFT_EMIT_LOC_STRINGS = YES;
				SWIFT_VERSION = 5.0;
				TARGETED_DEVICE_FAMILY = "1,2";
			};
			name = Debug;
		};
		F91D701B2B702CB700684429 /* Release */ = {
			isa = XCBuildConfiguration;
			buildSettings = {
				ASSETCATALOG_COMPILER_APPICON_NAME = AppIcon;
				ASSETCATALOG_COMPILER_GLOBAL_ACCENT_COLOR_NAME = AccentColor;
				CODE_SIGN_ENTITLEMENTS = DemoFirebase/DemoFirebase.entitlements;
				CODE_SIGN_IDENTITY = "Apple Development";
				CODE_SIGN_STYLE = Automatic;
				CURRENT_PROJECT_VERSION = 20240204;
				DEVELOPMENT_ASSET_PATHS = "\"DemoFirebase/Preview Content\"";
				DEVELOPMENT_TEAM = G49XQYC5WE;
				ENABLE_PREVIEWS = YES;
				GENERATE_INFOPLIST_FILE = YES;
				INFOPLIST_FILE = DemoFirebase/Info.plist;
				INFOPLIST_KEY_CFBundleDisplayName = DemoFire;
				INFOPLIST_KEY_LSApplicationCategoryType = "public.app-category.developer-tools";
				INFOPLIST_KEY_UIApplicationSceneManifest_Generation = YES;
				INFOPLIST_KEY_UIApplicationSupportsIndirectInputEvents = YES;
				INFOPLIST_KEY_UILaunchScreen_Generation = YES;
				INFOPLIST_KEY_UISupportedInterfaceOrientations_iPad = "UIInterfaceOrientationPortrait UIInterfaceOrientationPortraitUpsideDown UIInterfaceOrientationLandscapeLeft UIInterfaceOrientationLandscapeRight";
				INFOPLIST_KEY_UISupportedInterfaceOrientations_iPhone = "UIInterfaceOrientationPortrait UIInterfaceOrientationLandscapeLeft UIInterfaceOrientationLandscapeRight";
				LD_RUNPATH_SEARCH_PATHS = (
					"$(inherited)",
					"@executable_path/Frameworks",
				);
				MARKETING_VERSION = 1.0.0;
				PRODUCT_BUNDLE_IDENTIFIER = com.jva.DemoFirebase;
				PRODUCT_NAME = "$(TARGET_NAME)";
				PROVISIONING_PROFILE_SPECIFIER = "";
				SUPPORTED_PLATFORMS = "iphoneos iphonesimulator";
				SUPPORTS_MACCATALYST = NO;
				SUPPORTS_MAC_DESIGNED_FOR_IPHONE_IPAD = NO;
				SUPPORTS_XR_DESIGNED_FOR_IPHONE_IPAD = NO;
				SWIFT_EMIT_LOC_STRINGS = YES;
				SWIFT_VERSION = 5.0;
				TARGETED_DEVICE_FAMILY = "1,2";
			};
			name = Release;
		};
		F91D701D2B702CB700684429 /* Debug */ = {
			isa = XCBuildConfiguration;
			buildSettings = {
				ALWAYS_EMBED_SWIFT_STANDARD_LIBRARIES = YES;
				BUNDLE_LOADER = "$(TEST_HOST)";
				CODE_SIGN_STYLE = Automatic;
				CURRENT_PROJECT_VERSION = 1;
				DEVELOPMENT_TEAM = G49XQYC5WE;
				GENERATE_INFOPLIST_FILE = YES;
				IPHONEOS_DEPLOYMENT_TARGET = 17.2;
				MARKETING_VERSION = 1.0;
				PRODUCT_BUNDLE_IDENTIFIER = com.jva.DemoFirebaseTests;
				PRODUCT_NAME = "$(TARGET_NAME)";
				SWIFT_EMIT_LOC_STRINGS = NO;
				SWIFT_VERSION = 5.0;
				TARGETED_DEVICE_FAMILY = "1,2";
				TEST_HOST = "$(BUILT_PRODUCTS_DIR)/DemoFirebase.app/$(BUNDLE_EXECUTABLE_FOLDER_PATH)/DemoFirebase";
			};
			name = Debug;
		};
		F91D701E2B702CB700684429 /* Release */ = {
			isa = XCBuildConfiguration;
			buildSettings = {
				ALWAYS_EMBED_SWIFT_STANDARD_LIBRARIES = YES;
				BUNDLE_LOADER = "$(TEST_HOST)";
				CODE_SIGN_STYLE = Automatic;
				CURRENT_PROJECT_VERSION = 1;
				DEVELOPMENT_TEAM = G49XQYC5WE;
				GENERATE_INFOPLIST_FILE = YES;
				IPHONEOS_DEPLOYMENT_TARGET = 17.2;
				MARKETING_VERSION = 1.0;
				PRODUCT_BUNDLE_IDENTIFIER = com.jva.DemoFirebaseTests;
				PRODUCT_NAME = "$(TARGET_NAME)";
				SWIFT_EMIT_LOC_STRINGS = NO;
				SWIFT_VERSION = 5.0;
				TARGETED_DEVICE_FAMILY = "1,2";
				TEST_HOST = "$(BUILT_PRODUCTS_DIR)/DemoFirebase.app/$(BUNDLE_EXECUTABLE_FOLDER_PATH)/DemoFirebase";
			};
			name = Release;
		};
		F91D70202B702CB700684429 /* Debug */ = {
			isa = XCBuildConfiguration;
			buildSettings = {
				ALWAYS_EMBED_SWIFT_STANDARD_LIBRARIES = YES;
				CODE_SIGN_STYLE = Automatic;
				CURRENT_PROJECT_VERSION = 1;
				DEVELOPMENT_TEAM = G49XQYC5WE;
				GENERATE_INFOPLIST_FILE = YES;
				MARKETING_VERSION = 1.0;
				PRODUCT_BUNDLE_IDENTIFIER = com.jva.DemoFirebaseUITests;
				PRODUCT_NAME = "$(TARGET_NAME)";
				SWIFT_EMIT_LOC_STRINGS = NO;
				SWIFT_VERSION = 5.0;
				TARGETED_DEVICE_FAMILY = "1,2";
				TEST_TARGET_NAME = DemoFirebase;
			};
			name = Debug;
		};
		F91D70212B702CB700684429 /* Release */ = {
			isa = XCBuildConfiguration;
			buildSettings = {
				ALWAYS_EMBED_SWIFT_STANDARD_LIBRARIES = YES;
				CODE_SIGN_STYLE = Automatic;
				CURRENT_PROJECT_VERSION = 1;
				DEVELOPMENT_TEAM = G49XQYC5WE;
				GENERATE_INFOPLIST_FILE = YES;
				MARKETING_VERSION = 1.0;
				PRODUCT_BUNDLE_IDENTIFIER = com.jva.DemoFirebaseUITests;
				PRODUCT_NAME = "$(TARGET_NAME)";
				SWIFT_EMIT_LOC_STRINGS = NO;
				SWIFT_VERSION = 5.0;
				TARGETED_DEVICE_FAMILY = "1,2";
				TEST_TARGET_NAME = DemoFirebase;
			};
			name = Release;
		};
/* End XCBuildConfiguration section */

/* Begin XCConfigurationList section */
		F91D6FF02B702CB500684429 /* Build configuration list for PBXProject "DemoFirebase" */ = {
			isa = XCConfigurationList;
			buildConfigurations = (
				F91D70172B702CB700684429 /* Debug */,
				F91D70182B702CB700684429 /* Release */,
			);
			defaultConfigurationIsVisible = 0;
			defaultConfigurationName = Release;
		};
		F91D70192B702CB700684429 /* Build configuration list for PBXNativeTarget "DemoFirebase" */ = {
			isa = XCConfigurationList;
			buildConfigurations = (
				F91D701A2B702CB700684429 /* Debug */,
				F91D701B2B702CB700684429 /* Release */,
			);
			defaultConfigurationIsVisible = 0;
			defaultConfigurationName = Release;
		};
		F91D701C2B702CB700684429 /* Build configuration list for PBXNativeTarget "DemoFirebaseTests" */ = {
			isa = XCConfigurationList;
			buildConfigurations = (
				F91D701D2B702CB700684429 /* Debug */,
				F91D701E2B702CB700684429 /* Release */,
			);
			defaultConfigurationIsVisible = 0;
			defaultConfigurationName = Release;
		};
		F91D701F2B702CB700684429 /* Build configuration list for PBXNativeTarget "DemoFirebaseUITests" */ = {
			isa = XCConfigurationList;
			buildConfigurations = (
				F91D70202B702CB700684429 /* Debug */,
				F91D70212B702CB700684429 /* Release */,
			);
			defaultConfigurationIsVisible = 0;
			defaultConfigurationName = Release;
		};
/* End XCConfigurationList section */

/* Begin XCRemoteSwiftPackageReference section */
		F91D70252B70BE1200684429 /* XCRemoteSwiftPackageReference "firebase-ios-sdk" */ = {
			isa = XCRemoteSwiftPackageReference;
			repositoryURL = "https://github.com/firebase/firebase-ios-sdk.git";
			requirement = {
				kind = upToNextMajorVersion;
				minimumVersion = 10.20.0;
			};
		};
/* End XCRemoteSwiftPackageReference section */

/* Begin XCSwiftPackageProductDependency section */
		F91D70282B70BE1200684429 /* FirebaseMessaging */ = {
			isa = XCSwiftPackageProductDependency;
			package = F91D70252B70BE1200684429 /* XCRemoteSwiftPackageReference "firebase-ios-sdk" */;
			productName = FirebaseMessaging;
		};
		F91D702D2B70C08D00684429 /* FirebaseAnalyticsWithoutAdIdSupport */ = {
			isa = XCSwiftPackageProductDependency;
			package = F91D70252B70BE1200684429 /* XCRemoteSwiftPackageReference "firebase-ios-sdk" */;
			productName = FirebaseAnalyticsWithoutAdIdSupport;
		};
/* End XCSwiftPackageProductDependency section */
	};
	rootObject = F91D6FED2B702CB500684429 /* Project object */;
}
